
Microsoft Visual Studio Solution File, Format Version 12.00
# Visual Studio Version 17
VisualStudioVersion = 17.4.33213.308
MinimumVisualStudioVersion = 10.0.40219.1
Project("{FAE04EC0-301F-11D3-BF4B-00C04F79EFBC}") = "FlappyBirdClone", "FlappyBirdClone\FlappyBirdClone.csproj", "{02C806AB-F4F9-4575-BC72-A7AE13B93B17}"
EndProject
Global
	GlobalSection(SolutionConfigurationPlatforms) = preSolution
		Debug|Any CPU = Debug|Any CPU
		Release|Any CPU = Release|Any CPU
	EndGlobalSection
	GlobalSection(ProjectConfigurationPlatforms) = postSolution
		{02C806AB-F4F9-4575-BC72-A7AE13B93B17}.Debug|Any CPU.ActiveCfg = Debug|Any CPU
		{02C806AB-F4F9-4575-BC72-A7AE13B93B17}.Debug|Any CPU.Build.0 = Debug|Any CPU
		{02C806AB-F4F9-4575-BC72-A7AE13B93B17}.Release|Any CPU.ActiveCfg = Release|Any CPU
		{02C806AB-F4F9-4575-BC72-A7AE13B93B17}.Release|Any CPU.Build.0 = Release|Any CPU
	EndGlobalSection
	GlobalSection(SolutionProperties) = preSolution
		HideSolutionNode = FALSE
	EndGlobalSection
	GlobalSection(ExtensibilityGlobals) = postSolution
		SolutionGuid = {27BA254F-55DD-4170-90C0-CB642DDCC26D}
	EndGlobalSection
EndGlobal
